
Microsoft Visual Studio Solution File, Format Version 12.00
# Visual Studio Version 16
VisualStudioVersion = 16.0.29519.87
MinimumVisualStudioVersion = 10.0.40219.1
Project("{8BC9CEB8-8B4A-11D0-8D11-00A0C91BC942}") = "DSproject", "DSproject.vcxproj", "{D234158F-9C7C-4DA1-A26C-1D28CFEB017D}"
EndProject
Global
	GlobalSection(SolutionConfigurationPlatforms) = preSolution
		Debug|x64 = Debug|x64
		Debug|x86 = Debug|x86
		Release|x64 = Release|x64
		Release|x86 = Release|x86
	EndGlobalSection
	GlobalSection(ProjectConfigurationPlatforms) = postSolution
		{D234158F-9C7C-4DA1-A26C-1D28CFEB017D}.Debug|x64.ActiveCfg = Debug|x64
		{D234158F-9C7C-4DA1-A26C-1D28CFEB017D}.Debug|x64.Build.0 = Debug|x64
		{D234158F-9C7C-4DA1-A26C-1D28CFEB017D}.Debug|x86.ActiveCfg = Debug|Win32
		{D234158F-9C7C-4DA1-A26C-1D28CFEB017D}.Debug|x86.Build.0 = Debug|Win32
		{D234158F-9C7C-4DA1-A26C-1D28CFEB017D}.Release|x64.ActiveCfg = Release|x64
		{D234158F-9C7C-4DA1-A26C-1D28CFEB017D}.Release|x64.Build.0 = Release|x64
		{D234158F-9C7C-4DA1-A26C-1D28CFEB017D}.Release|x86.ActiveCfg = Release|Win32
		{D234158F-9C7C-4DA1-A26C-1D28CFEB017D}.Release|x86.Build.0 = Release|Win32
	EndGlobalSection
	GlobalSection(SolutionProperties) = preSolution
		HideSolutionNode = FALSE
	EndGlobalSection
	GlobalSection(ExtensibilityGlobals) = postSolution
		SolutionGuid = {30206994-1AE8-4C2A-A82F-20E111B1D362}
	EndGlobalSection
EndGlobal
